
Microsoft Visual Studio Solution File, Format Version 12.00
# Visual Studio Version 16
VisualStudioVersion = 16.0.32126.315
MinimumVisualStudioVersion = 10.0.40219.1
Project("{9A19103F-16F7-4668-BE54-9A1E7A4F7556}") = "MasterMindApp", "MasterMindApp\MasterMindApp.csproj", "{5ADBBE01-81DA-470C-B3F4-AE856136EE96}"
EndProject
Project("{FAE04EC0-301F-11D3-BF4B-00C04F79EFBC}") = "UnitTest", "UnitTest\UnitTest.csproj", "{46A6FCC7-A6B1-4657-8377-34216152689B}"
EndProject
Global
	GlobalSection(SolutionConfigurationPlatforms) = preSolution
		Debug|Any CPU = Debug|Any CPU
		Release|Any CPU = Release|Any CPU
	EndGlobalSection
	GlobalSection(ProjectConfigurationPlatforms) = postSolution
		{5ADBBE01-81DA-470C-B3F4-AE856136EE96}.Debug|Any CPU.ActiveCfg = Debug|Any CPU
		{5ADBBE01-81DA-470C-B3F4-AE856136EE96}.Debug|Any CPU.Build.0 = Debug|Any CPU
		{5ADBBE01-81DA-470C-B3F4-AE856136EE96}.Release|Any CPU.ActiveCfg = Release|Any CPU
		{5ADBBE01-81DA-470C-B3F4-AE856136EE96}.Release|Any CPU.Build.0 = Release|Any CPU
		{46A6FCC7-A6B1-4657-8377-34216152689B}.Debug|Any CPU.ActiveCfg = Debug|Any CPU
		{46A6FCC7-A6B1-4657-8377-34216152689B}.Debug|Any CPU.Build.0 = Debug|Any CPU
		{46A6FCC7-A6B1-4657-8377-34216152689B}.Release|Any CPU.ActiveCfg = Release|Any CPU
		{46A6FCC7-A6B1-4657-8377-34216152689B}.Release|Any CPU.Build.0 = Release|Any CPU
	EndGlobalSection
	GlobalSection(SolutionProperties) = preSolution
		HideSolutionNode = FALSE
	EndGlobalSection
	GlobalSection(ExtensibilityGlobals) = postSolution
		SolutionGuid = {9AB476A3-8913-46F4-9A3B-6B2CA1D14F2D}
	EndGlobalSection
EndGlobal
